
Microsoft Visual Studio Solution File, Format Version 12.00
# Visual Studio Version 17
VisualStudioVersion = 17.7.34031.279
MinimumVisualStudioVersion = 10.0.40219.1
Project("{FAE04EC0-301F-11D3-BF4B-00C04F79EFBC}") = "HoangXuanQuy_2021604440_bai3sll", "HoangXuanQuy_2021604440_bai3sll\HoangXuanQuy_2021604440_bai3sll.csproj", "{BF979293-1E84-4F25-8F4C-62A0268FC2F2}"
EndProject
Global
	GlobalSection(SolutionConfigurationPlatforms) = preSolution
		Debug|Any CPU = Debug|Any CPU
		Release|Any CPU = Release|Any CPU
	EndGlobalSection
	GlobalSection(ProjectConfigurationPlatforms) = postSolution
		{BF979293-1E84-4F25-8F4C-62A0268FC2F2}.Debug|Any CPU.ActiveCfg = Debug|Any CPU
		{BF979293-1E84-4F25-8F4C-62A0268FC2F2}.Debug|Any CPU.Build.0 = Debug|Any CPU
		{BF979293-1E84-4F25-8F4C-62A0268FC2F2}.Release|Any CPU.ActiveCfg = Release|Any CPU
		{BF979293-1E84-4F25-8F4C-62A0268FC2F2}.Release|Any CPU.Build.0 = Release|Any CPU
	EndGlobalSection
	GlobalSection(SolutionProperties) = preSolution
		HideSolutionNode = FALSE
	EndGlobalSection
	GlobalSection(ExtensibilityGlobals) = postSolution
		SolutionGuid = {FA6E378D-1345-45A6-8167-EFB92C60268C}
	EndGlobalSection
EndGlobal
