
Microsoft Visual Studio Solution File, Format Version 12.00
# Visual Studio Version 17
VisualStudioVersion = 17.8.34316.72
MinimumVisualStudioVersion = 10.0.40219.1
Project("{FAE04EC0-301F-11D3-BF4B-00C04F79EFBC}") = "testtx2.Si3", "testtx2.Si3\testtx2.Si3.csproj", "{F6BE1689-D3B5-4B9A-8E81-B235D7478771}"
EndProject
Global
	GlobalSection(SolutionConfigurationPlatforms) = preSolution
		Debug|Any CPU = Debug|Any CPU
		Release|Any CPU = Release|Any CPU
	EndGlobalSection
	GlobalSection(ProjectConfigurationPlatforms) = postSolution
		{F6BE1689-D3B5-4B9A-8E81-B235D7478771}.Debug|Any CPU.ActiveCfg = Debug|Any CPU
		{F6BE1689-D3B5-4B9A-8E81-B235D7478771}.Debug|Any CPU.Build.0 = Debug|Any CPU
		{F6BE1689-D3B5-4B9A-8E81-B235D7478771}.Release|Any CPU.ActiveCfg = Release|Any CPU
		{F6BE1689-D3B5-4B9A-8E81-B235D7478771}.Release|Any CPU.Build.0 = Release|Any CPU
	EndGlobalSection
	GlobalSection(SolutionProperties) = preSolution
		HideSolutionNode = FALSE
	EndGlobalSection
	GlobalSection(ExtensibilityGlobals) = postSolution
		SolutionGuid = {FFABA619-C67B-4330-8BAB-17FDA4729F6E}
	EndGlobalSection
EndGlobal
