
Microsoft Visual Studio Solution File, Format Version 12.00
# Visual Studio Version 17
VisualStudioVersion = 17.7.34202.233
MinimumVisualStudioVersion = 10.0.40219.1
Project("{FAE04EC0-301F-11D3-BF4B-00C04F79EFBC}") = "HoangXuanQuy_2021604440_proj71", "HoangXuanQuy_2021604440_proj71\HoangXuanQuy_2021604440_proj71.csproj", "{82F9962D-148C-4FA7-AE3D-011E3E26D781}"
EndProject
Global
	GlobalSection(SolutionConfigurationPlatforms) = preSolution
		Debug|Any CPU = Debug|Any CPU
		Release|Any CPU = Release|Any CPU
	EndGlobalSection
	GlobalSection(ProjectConfigurationPlatforms) = postSolution
		{82F9962D-148C-4FA7-AE3D-011E3E26D781}.Debug|Any CPU.ActiveCfg = Debug|Any CPU
		{82F9962D-148C-4FA7-AE3D-011E3E26D781}.Debug|Any CPU.Build.0 = Debug|Any CPU
		{82F9962D-148C-4FA7-AE3D-011E3E26D781}.Release|Any CPU.ActiveCfg = Release|Any CPU
		{82F9962D-148C-4FA7-AE3D-011E3E26D781}.Release|Any CPU.Build.0 = Release|Any CPU
	EndGlobalSection
	GlobalSection(SolutionProperties) = preSolution
		HideSolutionNode = FALSE
	EndGlobalSection
	GlobalSection(ExtensibilityGlobals) = postSolution
		SolutionGuid = {C8E4B16B-9DB1-4CE1-81CE-4D146F9B2E2B}
	EndGlobalSection
EndGlobal
