
Microsoft Visual Studio Solution File, Format Version 12.00
# Visual Studio Version 17
VisualStudioVersion = 17.8.34316.72
MinimumVisualStudioVersion = 10.0.40219.1
Project("{FAE04EC0-301F-11D3-BF4B-00C04F79EFBC}") = "Bai13_Quy440_Api_Si", "Bai13_Quy440_Api_Si\Bai13_Quy440_Api_Si.csproj", "{68F52E3F-6D18-4A25-9797-425DA789D5F6}"
EndProject
Global
	GlobalSection(SolutionConfigurationPlatforms) = preSolution
		Debug|Any CPU = Debug|Any CPU
		Release|Any CPU = Release|Any CPU
	EndGlobalSection
	GlobalSection(ProjectConfigurationPlatforms) = postSolution
		{68F52E3F-6D18-4A25-9797-425DA789D5F6}.Debug|Any CPU.ActiveCfg = Debug|Any CPU
		{68F52E3F-6D18-4A25-9797-425DA789D5F6}.Debug|Any CPU.Build.0 = Debug|Any CPU
		{68F52E3F-6D18-4A25-9797-425DA789D5F6}.Release|Any CPU.ActiveCfg = Release|Any CPU
		{68F52E3F-6D18-4A25-9797-425DA789D5F6}.Release|Any CPU.Build.0 = Release|Any CPU
	EndGlobalSection
	GlobalSection(SolutionProperties) = preSolution
		HideSolutionNode = FALSE
	EndGlobalSection
	GlobalSection(ExtensibilityGlobals) = postSolution
		SolutionGuid = {4991431F-83B3-4528-94A7-8390BCCDD97F}
	EndGlobalSection
EndGlobal
