
Microsoft Visual Studio Solution File, Format Version 12.00
# Visual Studio Version 17
VisualStudioVersion = 17.7.34031.279
MinimumVisualStudioVersion = 10.0.40219.1
Project("{FAE04EC0-301F-11D3-BF4B-00C04F79EFBC}") = "HoangXuanQuy_2021604440_bai5sll", "HoangXuanQuy_2021604440_bai5sll\HoangXuanQuy_2021604440_bai5sll.csproj", "{33B6B8B5-30D3-46A3-8DF8-1ABEE27715CF}"
EndProject
Global
	GlobalSection(SolutionConfigurationPlatforms) = preSolution
		Debug|Any CPU = Debug|Any CPU
		Release|Any CPU = Release|Any CPU
	EndGlobalSection
	GlobalSection(ProjectConfigurationPlatforms) = postSolution
		{33B6B8B5-30D3-46A3-8DF8-1ABEE27715CF}.Debug|Any CPU.ActiveCfg = Debug|Any CPU
		{33B6B8B5-30D3-46A3-8DF8-1ABEE27715CF}.Debug|Any CPU.Build.0 = Debug|Any CPU
		{33B6B8B5-30D3-46A3-8DF8-1ABEE27715CF}.Release|Any CPU.ActiveCfg = Release|Any CPU
		{33B6B8B5-30D3-46A3-8DF8-1ABEE27715CF}.Release|Any CPU.Build.0 = Release|Any CPU
	EndGlobalSection
	GlobalSection(SolutionProperties) = preSolution
		HideSolutionNode = FALSE
	EndGlobalSection
	GlobalSection(ExtensibilityGlobals) = postSolution
		SolutionGuid = {CFC68CCC-FE3A-438E-B654-0E664F1F0C19}
	EndGlobalSection
EndGlobal
